
Microsoft Visual Studio Solution File, Format Version 12.00
# Visual Studio 15
VisualStudioVersion = 15.0.26906.1
MinimumVisualStudioVersion = 10.0.40219.1
Project("{9A19103F-16F7-4668-BE54-9A1E7A4F7556}") = "demo2", "demo2.csproj", "{D82FFCFC-A37A-47D2-AED7-528031E500F7}"
EndProject
Global
	GlobalSection(SolutionConfigurationPlatforms) = preSolution
		Debug|Any CPU = Debug|Any CPU
		Release|Any CPU = Release|Any CPU
	EndGlobalSection
	GlobalSection(ProjectConfigurationPlatforms) = postSolution
		{D82FFCFC-A37A-47D2-AED7-528031E500F7}.Debug|Any CPU.ActiveCfg = Debug|Any CPU
		{D82FFCFC-A37A-47D2-AED7-528031E500F7}.Debug|Any CPU.Build.0 = Debug|Any CPU
		{D82FFCFC-A37A-47D2-AED7-528031E500F7}.Release|Any CPU.ActiveCfg = Release|Any CPU
		{D82FFCFC-A37A-47D2-AED7-528031E500F7}.Release|Any CPU.Build.0 = Release|Any CPU
	EndGlobalSection
	GlobalSection(SolutionProperties) = preSolution
		HideSolutionNode = FALSE
	EndGlobalSection
	GlobalSection(ExtensibilityGlobals) = postSolution
		SolutionGuid = {2F3D7F17-E291-415D-8EFE-562445574128}
	EndGlobalSection
EndGlobal
